{
  "version": 4,
  "terraform_version": "1.1.7",
  "serial": 32,
  "lineage": "93822401-cc72-0971-22b2-a37853de35ce",
  "outputs": {},
  "resources": [
    {
      "mode": "managed",
      "type": "tfe_organization",
      "name": "rairtech",
      "provider": "provider[\"registry.terraform.io/hashicorp/tfe\"]",
      "instances": [
        {
          "schema_version": 0,
          "attributes": {
            "collaborator_auth_policy": "password",
            "cost_estimation_enabled": false,
            "email": "chris@rair.tech",
            "id": "rairtech",
            "name": "rairtech",
            "owners_team_saml_role_id": "",
            "send_passing_statuses_for_untriggered_speculative_plans": false,
            "session_remember_minutes": 0,
            "session_timeout_minutes": 0
          },
          "sensitive_attributes": [],
          "private": "eyJzY2hlbWFfdmVyc2lvbiI6IjAifQ=="
        }
      ]
    },
    {
      "mode": "managed",
      "type": "tfe_organization_membership",
      "name": "brian",
      "provider": "provider[\"registry.terraform.io/hashicorp/tfe\"]",
      "instances": [
        {
          "schema_version": 0,
          "attributes": {
            "email": "brian@rair.tech",
            "id": "ou-9GPdvGthyZM15Pqr",
            "organization": "rairtech",
            "user_id": "user-2f4LdEWgA6nbNbM9"
          },
          "sensitive_attributes": [],
          "private": "eyJzY2hlbWFfdmVyc2lvbiI6IjAifQ=="
        }
      ]
    },
    {
      "mode": "managed",
      "type": "tfe_organization_membership",
      "name": "chris",
      "provider": "provider[\"registry.terraform.io/hashicorp/tfe\"]",
      "instances": [
        {
          "schema_version": 0,
          "attributes": {
            "email": "chris@rair.tech",
            "id": "ou-TegmyNSqwrWdwN2e",
            "organization": "rairtech",
            "user_id": "user-zD7rN7hJuwg4hChk"
          },
          "sensitive_attributes": [],
          "private": "eyJzY2hlbWFfdmVyc2lvbiI6IjAifQ=="
        }
      ]
    },
    {
      "mode": "managed",
      "type": "tfe_organization_membership",
      "name": "garrett",
      "provider": "provider[\"registry.terraform.io/hashicorp/tfe\"]",
      "instances": [
        {
          "schema_version": 0,
          "attributes": {
            "email": "garrett@rair.tech",
            "id": "ou-1G2bLTLSwkFMrW8v",
            "organization": "rairtech",
            "user_id": "user-RyLeDBpEgFfWk9ad"
          },
          "sensitive_attributes": [],
          "private": "eyJzY2hlbWFfdmVyc2lvbiI6IjAifQ=="
        }
      ]
    },
    {
      "mode": "managed",
      "type": "tfe_organization_membership",
      "name": "zeph",
      "provider": "provider[\"registry.terraform.io/hashicorp/tfe\"]",
      "instances": [
        {
          "schema_version": 0,
          "attributes": {
            "email": "zeph@rair.tech",
            "id": "ou-SBPVvJ1tUSCJrVUy",
            "organization": "rairtech",
            "user_id": "user-H583CNE2ELaBYZyp"
          },
          "sensitive_attributes": [],
          "private": "eyJzY2hlbWFfdmVyc2lvbiI6IjAifQ=="
        }
      ]
    },
    {
      "mode": "managed",
      "type": "tfe_variable",
      "name": "CLOUDFLARE_API_TOKEN",
      "provider": "provider[\"registry.terraform.io/hashicorp/tfe\"]",
      "instances": [
        {
          "schema_version": 1,
          "attributes": {
            "category": "env",
            "description": "cloudflare api token",
            "hcl": false,
            "id": "var-yP4LvxL1DMc77kGo",
            "key": "CLOUDFLARE_API_TOKEN",
            "sensitive": true,
            "value": null,
            "variable_set_id": null,
            "workspace_id": "ws-LAGqtfMsXKhjiomN"
          },
          "sensitive_attributes": [],
          "private": "eyJzY2hlbWFfdmVyc2lvbiI6IjEifQ=="
        }
      ]
    },
    {
      "mode": "managed",
      "type": "tfe_variable",
      "name": "DEV_MONGODB_ATLAS_PRIVATE_KEY",
      "provider": "provider[\"registry.terraform.io/hashicorp/tfe\"]",
      "instances": [
        {
          "schema_version": 1,
          "attributes": {
            "category": "env",
            "description": "",
            "hcl": false,
            "id": "var-YCH3RfuqVHkBM2fL",
            "key": "MONGODB_ATLAS_PRIVATE_KEY",
            "sensitive": true,
            "value": null,
            "variable_set_id": null,
            "workspace_id": "ws-PJbFwXvvCopvw7Mf"
          },
          "sensitive_attributes": [],
          "private": "eyJzY2hlbWFfdmVyc2lvbiI6IjEifQ=="
        }
      ]
    },
    {
      "mode": "managed",
      "type": "tfe_variable",
      "name": "DEV_MONGODB_ATLAS_PUBLIC_KEY",
      "provider": "provider[\"registry.terraform.io/hashicorp/tfe\"]",
      "instances": [
        {
          "schema_version": 1,
          "attributes": {
            "category": "env",
            "description": "",
            "hcl": false,
            "id": "var-PaDaqK3tLeGKgN5H",
            "key": "MONGODB_ATLAS_PUBLIC_KEY",
            "sensitive": true,
            "value": null,
            "variable_set_id": null,
            "workspace_id": "ws-PJbFwXvvCopvw7Mf"
          },
          "sensitive_attributes": [],
          "private": "eyJzY2hlbWFfdmVyc2lvbiI6IjEifQ=="
        }
      ]
    },
    {
      "mode": "managed",
      "type": "tfe_variable",
      "name": "PROD_MONGODB_ATLAS_PRIVATE_KEY",
      "provider": "provider[\"registry.terraform.io/hashicorp/tfe\"]",
      "instances": [
        {
          "schema_version": 1,
          "attributes": {
            "category": "env",
            "description": "",
            "hcl": false,
            "id": "var-RWuxcRYsW1ayWCUz",
            "key": "MONGODB_ATLAS_PRIVATE_KEY",
            "sensitive": true,
            "value": null,
            "variable_set_id": null,
            "workspace_id": "ws-7fpm1dhDYtqa5rHq"
          },
          "sensitive_attributes": [],
          "private": "eyJzY2hlbWFfdmVyc2lvbiI6IjEifQ=="
        }
      ]
    },
    {
      "mode": "managed",
      "type": "tfe_variable",
      "name": "PROD_MONGODB_ATLAS_PUBLIC_KEY",
      "provider": "provider[\"registry.terraform.io/hashicorp/tfe\"]",
      "instances": [
        {
          "schema_version": 1,
          "attributes": {
            "category": "env",
            "description": "",
            "hcl": false,
            "id": "var-BQBZaG89NYRsrnvn",
            "key": "MONGODB_ATLAS_PUBLIC_KEY",
            "sensitive": true,
            "value": null,
            "variable_set_id": null,
            "workspace_id": "ws-7fpm1dhDYtqa5rHq"
          },
          "sensitive_attributes": [],
          "private": "eyJzY2hlbWFfdmVyc2lvbiI6IjEifQ=="
        }
      ]
    },
    {
      "mode": "managed",
      "type": "tfe_variable",
      "name": "STAGING_MONGODB_ATLAS_PRIVATE_KEY",
      "provider": "provider[\"registry.terraform.io/hashicorp/tfe\"]",
      "instances": [
        {
          "schema_version": 1,
          "attributes": {
            "category": "env",
            "description": "",
            "hcl": false,
            "id": "var-xdzu6v46CbDRMQqA",
            "key": "MONGODB_ATLAS_PRIVATE_KEY",
            "sensitive": true,
            "value": null,
            "variable_set_id": null,
            "workspace_id": "ws-FnjQz4WqCJoDgGTf"
          },
          "sensitive_attributes": [],
          "private": "eyJzY2hlbWFfdmVyc2lvbiI6IjEifQ=="
        }
      ]
    },
    {
      "mode": "managed",
      "type": "tfe_variable",
      "name": "STAGING_MONGODB_ATLAS_PUBLIC_KEY",
      "provider": "provider[\"registry.terraform.io/hashicorp/tfe\"]",
      "instances": [
        {
          "schema_version": 1,
          "attributes": {
            "category": "env",
            "description": "",
            "hcl": false,
            "id": "var-c3EFqGquUoc9FwPz",
            "key": "MONGODB_ATLAS_PUBLIC_KEY",
            "sensitive": true,
            "value": null,
            "variable_set_id": null,
            "workspace_id": "ws-FnjQz4WqCJoDgGTf"
          },
          "sensitive_attributes": [],
          "private": "eyJzY2hlbWFfdmVyc2lvbiI6IjEifQ=="
        }
      ]
    },
    {
      "mode": "managed",
      "type": "tfe_variable",
      "name": "pagerduty_api_key",
      "provider": "provider[\"registry.terraform.io/hashicorp/tfe\"]",
      "instances": [
        {
          "schema_version": 1,
          "attributes": {
            "category": "terraform",
            "description": "",
            "hcl": false,
            "id": "var-LqrHsYjVUE1KrjsX",
            "key": "pagerduty_api_key",
            "sensitive": true,
            "value": null,
            "variable_set_id": null,
            "workspace_id": "ws-KWsmdsE6j7qjFQXb"
          },
          "sensitive_attributes": [],
          "private": "eyJzY2hlbWFfdmVyc2lvbiI6IjEifQ=="
        }
      ]
    },
    {
      "mode": "managed",
      "type": "tfe_variable",
      "name": "rair_prod_HCP_CLIENT_ID",
      "provider": "provider[\"registry.terraform.io/hashicorp/tfe\"]",
      "instances": [
        {
          "schema_version": 1,
          "attributes": {
            "category": "env",
            "description": "",
            "hcl": false,
            "id": "var-ZDjUoJexiZwaBeKa",
            "key": "HCP_CLIENT_ID",
            "sensitive": true,
            "value": null,
            "variable_set_id": null,
            "workspace_id": "ws-EskESKsjo7ZFabyX"
          },
          "sensitive_attributes": [],
          "private": "eyJzY2hlbWFfdmVyc2lvbiI6IjEifQ=="
        }
      ]
    },
    {
      "mode": "managed",
      "type": "tfe_variable",
      "name": "rair_prod_HCP_CLIENT_SECRET",
      "provider": "provider[\"registry.terraform.io/hashicorp/tfe\"]",
      "instances": [
        {
          "schema_version": 1,
          "attributes": {
            "category": "env",
            "description": "",
            "hcl": false,
            "id": "var-UGbP2pLcWPf2jEcv",
            "key": "HCP_CLIENT_SECRET",
            "sensitive": true,
            "value": null,
            "variable_set_id": null,
            "workspace_id": "ws-EskESKsjo7ZFabyX"
          },
          "sensitive_attributes": [],
          "private": "eyJzY2hlbWFfdmVyc2lvbiI6IjEifQ=="
        }
      ]
    },
    {
      "mode": "managed",
      "type": "tfe_variable",
      "name": "rair_prod_MONGODB_ATLAS_PRIVATE_KEY",
      "provider": "provider[\"registry.terraform.io/hashicorp/tfe\"]",
      "instances": [
        {
          "schema_version": 1,
          "attributes": {
            "category": "env",
            "description": "",
            "hcl": false,
            "id": "var-Dgv8EnnLPGpgBafi",
            "key": "MONGODB_ATLAS_PRIVATE_KEY",
            "sensitive": true,
            "value": null,
            "variable_set_id": null,
            "workspace_id": "ws-EskESKsjo7ZFabyX"
          },
          "sensitive_attributes": [],
          "private": "eyJzY2hlbWFfdmVyc2lvbiI6IjEifQ=="
        }
      ]
    },
    {
      "mode": "managed",
      "type": "tfe_variable",
      "name": "rair_prod_MONGODB_ATLAS_PUBLIC_KEY",
      "provider": "provider[\"registry.terraform.io/hashicorp/tfe\"]",
      "instances": [
        {
          "schema_version": 1,
          "attributes": {
            "category": "env",
            "description": "",
            "hcl": false,
            "id": "var-G2aHqMy4thnsRKCt",
            "key": "MONGODB_ATLAS_PUBLIC_KEY",
            "sensitive": true,
            "value": null,
            "variable_set_id": null,
            "workspace_id": "ws-EskESKsjo7ZFabyX"
          },
          "sensitive_attributes": [],
          "private": "eyJzY2hlbWFfdmVyc2lvbiI6IjEifQ=="
        }
      ]
    },
    {
      "mode": "managed",
      "type": "tfe_workspace",
      "name": "cloudflare",
      "provider": "provider[\"registry.terraform.io/hashicorp/tfe\"]",
      "instances": [
        {
          "schema_version": 1,
          "attributes": {
            "agent_pool_id": "",
            "allow_destroy_plan": false,
            "auto_apply": false,
            "description": "Adminster Cloudflare DNS and proxy rules for all environments",
            "execution_mode": "remote",
            "file_triggers_enabled": true,
            "global_remote_state": false,
            "id": "ws-LAGqtfMsXKhjiomN",
            "name": "cloudflare",
            "operations": true,
            "organization": "rairtech",
            "queue_all_runs": false,
            "remote_state_consumer_ids": [],
            "speculative_enabled": true,
            "ssh_key_id": "",
            "structured_run_output_enabled": true,
            "tag_names": [],
            "terraform_version": "1.1.7",
            "trigger_prefixes": [],
            "vcs_repo": [
              {
                "branch": "dev",
                "identifier": "%7Bf5368d7b-2fae-49fe-bbf0-6e342bd034c9%7D/%7Ba23789fe-787d-42a1-8c68-0098270f2999%7D",
                "ingress_submodules": false,
                "oauth_token_id": "ot-pmtxUjKskMf1r9wQ"
              }
            ],
            "working_directory": "terraform/environments/cloudflare"
          },
          "sensitive_attributes": [],
          "private": "eyJzY2hlbWFfdmVyc2lvbiI6IjEifQ==",
          "dependencies": [
            "tfe_organization.rairtech"
          ]
        }
      ]
    },
    {
      "mode": "managed",
      "type": "tfe_workspace",
      "name": "mongo_db_dev",
      "provider": "provider[\"registry.terraform.io/hashicorp/tfe\"]",
      "instances": [
        {
          "schema_version": 1,
          "attributes": {
            "agent_pool_id": "",
            "allow_destroy_plan": false,
            "auto_apply": false,
            "description": "Managing hosted MongoDB for DEV environment",
            "execution_mode": "remote",
            "file_triggers_enabled": true,
            "global_remote_state": false,
            "id": "ws-PJbFwXvvCopvw7Mf",
            "name": "mongo-db-dev",
            "operations": true,
            "organization": "rairtech",
            "queue_all_runs": false,
            "remote_state_consumer_ids": [],
            "speculative_enabled": true,
            "ssh_key_id": "",
            "structured_run_output_enabled": true,
            "tag_names": [],
            "terraform_version": "1.1.8",
            "trigger_prefixes": [
              "terraform/modules/mongo",
              "terraform/environments/shared/mongo"
            ],
            "vcs_repo": [
              {
                "branch": "dev",
                "identifier": "%7Bf5368d7b-2fae-49fe-bbf0-6e342bd034c9%7D/%7Ba23789fe-787d-42a1-8c68-0098270f2999%7D",
                "ingress_submodules": false,
                "oauth_token_id": "ot-pmtxUjKskMf1r9wQ"
              }
            ],
            "working_directory": "terraform/environments/dev/mongo_db"
          },
          "sensitive_attributes": [],
          "private": "eyJzY2hlbWFfdmVyc2lvbiI6IjEifQ==",
          "dependencies": [
            "tfe_organization.rairtech"
          ]
        }
      ]
    },
    {
      "mode": "managed",
      "type": "tfe_workspace",
      "name": "mongo_db_prod",
      "provider": "provider[\"registry.terraform.io/hashicorp/tfe\"]",
      "instances": [
        {
          "schema_version": 1,
          "attributes": {
            "agent_pool_id": "",
            "allow_destroy_plan": false,
            "auto_apply": false,
            "description": "Managing hosted MongoDB for PROD environment",
            "execution_mode": "remote",
            "file_triggers_enabled": true,
            "global_remote_state": false,
            "id": "ws-7fpm1dhDYtqa5rHq",
            "name": "mongo-db-prod",
            "operations": true,
            "organization": "rairtech",
            "queue_all_runs": false,
            "remote_state_consumer_ids": [],
            "speculative_enabled": true,
            "ssh_key_id": "",
            "structured_run_output_enabled": true,
            "tag_names": [],
            "terraform_version": "1.1.8",
            "trigger_prefixes": [
              "terraform/modules/mongo",
              "terraform/environment/shared/mongo"
            ],
            "vcs_repo": [
              {
                "branch": "dev",
                "identifier": "%7Bf5368d7b-2fae-49fe-bbf0-6e342bd034c9%7D/%7Ba23789fe-787d-42a1-8c68-0098270f2999%7D",
                "ingress_submodules": false,
                "oauth_token_id": "ot-pmtxUjKskMf1r9wQ"
              }
            ],
            "working_directory": "terraform/environments/prod/mongo_db"
          },
          "sensitive_attributes": [],
          "private": "eyJzY2hlbWFfdmVyc2lvbiI6IjEifQ==",
          "dependencies": [
            "tfe_organization.rairtech"
          ]
        }
      ]
    },
    {
      "mode": "managed",
      "type": "tfe_workspace",
      "name": "mongo_db_staging",
      "provider": "provider[\"registry.terraform.io/hashicorp/tfe\"]",
      "instances": [
        {
          "schema_version": 1,
          "attributes": {
            "agent_pool_id": "",
            "allow_destroy_plan": false,
            "auto_apply": false,
            "description": "Managing hosted MongoDB for STAGING environment",
            "execution_mode": "remote",
            "file_triggers_enabled": true,
            "global_remote_state": false,
            "id": "ws-FnjQz4WqCJoDgGTf",
            "name": "mongo-db-staging",
            "operations": true,
            "organization": "rairtech",
            "queue_all_runs": false,
            "remote_state_consumer_ids": [],
            "speculative_enabled": true,
            "ssh_key_id": "",
            "structured_run_output_enabled": true,
            "tag_names": [],
            "terraform_version": "1.1.8",
            "trigger_prefixes": [
              "terraform/modules/mongo",
              "terraform/environments/shared/mongo"
            ],
            "vcs_repo": [
              {
                "branch": "dev",
                "identifier": "%7Bf5368d7b-2fae-49fe-bbf0-6e342bd034c9%7D/%7Ba23789fe-787d-42a1-8c68-0098270f2999%7D",
                "ingress_submodules": false,
                "oauth_token_id": "ot-pmtxUjKskMf1r9wQ"
              }
            ],
            "working_directory": "terraform/environments/staging/mongo_db"
          },
          "sensitive_attributes": [],
          "private": "eyJzY2hlbWFfdmVyc2lvbiI6IjEifQ==",
          "dependencies": [
            "tfe_organization.rairtech"
          ]
        }
      ]
    },
    {
      "mode": "managed",
      "type": "tfe_workspace",
      "name": "pagerduty",
      "provider": "provider[\"registry.terraform.io/hashicorp/tfe\"]",
      "instances": [
        {
          "schema_version": 1,
          "attributes": {
            "agent_pool_id": "",
            "allow_destroy_plan": false,
            "auto_apply": false,
            "description": "Administer Pagerduty oncall schedules, teams, users, etc.",
            "execution_mode": "remote",
            "file_triggers_enabled": true,
            "global_remote_state": false,
            "id": "ws-KWsmdsE6j7qjFQXb",
            "name": "pagerduty",
            "operations": true,
            "organization": "rairtech",
            "queue_all_runs": false,
            "remote_state_consumer_ids": [],
            "speculative_enabled": true,
            "ssh_key_id": "",
            "structured_run_output_enabled": true,
            "tag_names": [],
            "terraform_version": "1.1.3",
            "trigger_prefixes": [
              "terraform/modules/foundation"
            ],
            "vcs_repo": [
              {
                "branch": "dev",
                "identifier": "%7Bf5368d7b-2fae-49fe-bbf0-6e342bd034c9%7D/%7Ba23789fe-787d-42a1-8c68-0098270f2999%7D",
                "ingress_submodules": false,
                "oauth_token_id": "ot-pmtxUjKskMf1r9wQ"
              }
            ],
            "working_directory": "terraform/environments/pagerduty"
          },
          "sensitive_attributes": [],
          "private": "eyJzY2hlbWFfdmVyc2lvbiI6IjEifQ==",
          "dependencies": [
            "tfe_organization.rairtech"
          ]
        }
      ]
    },
    {
      "mode": "managed",
      "type": "tfe_workspace",
      "name": "rair_production",
      "provider": "provider[\"registry.terraform.io/hashicorp/tfe\"]",
      "instances": [
        {
          "schema_version": 1,
          "attributes": {
            "agent_pool_id": "",
            "allow_destroy_plan": false,
            "auto_apply": false,
            "description": "Terraform run for Foundation GCP environment: PROD",
            "execution_mode": "remote",
            "file_triggers_enabled": true,
            "global_remote_state": false,
            "id": "ws-EskESKsjo7ZFabyX",
            "name": "rair-production",
            "operations": true,
            "organization": "rairtech",
            "queue_all_runs": false,
            "remote_state_consumer_ids": [],
            "speculative_enabled": true,
            "ssh_key_id": "",
            "structured_run_output_enabled": true,
            "tag_names": [],
            "terraform_version": "1.1.3",
            "trigger_prefixes": [
              "terraform/modules/foundation"
            ],
            "vcs_repo": [
              {
                "branch": "dev",
                "identifier": "%7Bf5368d7b-2fae-49fe-bbf0-6e342bd034c9%7D/%7Ba23789fe-787d-42a1-8c68-0098270f2999%7D",
                "ingress_submodules": false,
                "oauth_token_id": "ot-pmtxUjKskMf1r9wQ"
              }
            ],
            "working_directory": "terraform/environments/prod/foundation"
          },
          "sensitive_attributes": [],
          "private": "eyJzY2hlbWFfdmVyc2lvbiI6IjEifQ==",
          "dependencies": [
            "tfe_organization.rairtech"
          ]
        }
      ]
    },
    {
      "mode": "managed",
      "type": "tfe_workspace",
      "name": "rair_staging",
      "provider": "provider[\"registry.terraform.io/hashicorp/tfe\"]",
      "instances": [
        {
          "schema_version": 1,
          "attributes": {
            "agent_pool_id": "",
            "allow_destroy_plan": false,
            "auto_apply": false,
            "description": "Terraform run for Foundation GCP environment: STAGING",
            "execution_mode": "remote",
            "file_triggers_enabled": true,
            "global_remote_state": false,
            "id": "ws-ap2L1djob4NFDxBa",
            "name": "rair-staging",
            "operations": true,
            "organization": "rairtech",
            "queue_all_runs": false,
            "remote_state_consumer_ids": [],
            "speculative_enabled": true,
            "ssh_key_id": "",
            "structured_run_output_enabled": true,
            "tag_names": [],
            "terraform_version": "1.1.3",
            "trigger_prefixes": [
              "terraform/modules/foundation"
            ],
            "vcs_repo": [
              {
                "branch": "dev",
                "identifier": "%7Bf5368d7b-2fae-49fe-bbf0-6e342bd034c9%7D/%7Ba23789fe-787d-42a1-8c68-0098270f2999%7D",
                "ingress_submodules": false,
                "oauth_token_id": "ot-pmtxUjKskMf1r9wQ"
              }
            ],
            "working_directory": "terraform/environments/staging/foundation"
          },
          "sensitive_attributes": [],
          "private": "eyJzY2hlbWFfdmVyc2lvbiI6IjEifQ==",
          "dependencies": [
            "tfe_organization.rairtech"
          ]
        }
      ]
    }
  ]
}
