{
  "version": 4,
  "terraform_version": "1.1.7",
  "serial": 8,
  "lineage": "93822401-cc72-0971-22b2-a37853de35ce",
  "outputs": {},
  "resources": [
    {
      "mode": "managed",
      "type": "tfe_organization",
      "name": "rairtech",
      "provider": "provider[\"registry.terraform.io/hashicorp/tfe\"]",
      "instances": [
        {
          "schema_version": 0,
          "attributes": {
            "collaborator_auth_policy": "password",
            "cost_estimation_enabled": false,
            "email": "chris@rair.tech",
            "id": "rairtech",
            "name": "rairtech",
            "owners_team_saml_role_id": "",
            "send_passing_statuses_for_untriggered_speculative_plans": false,
            "session_remember_minutes": 0,
            "session_timeout_minutes": 0
          },
          "sensitive_attributes": [],
          "private": "eyJzY2hlbWFfdmVyc2lvbiI6IjAifQ=="
        }
      ]
    },
    {
      "mode": "managed",
      "type": "tfe_workspace",
      "name": "cloudflare",
      "provider": "provider[\"registry.terraform.io/hashicorp/tfe\"]",
      "instances": [
        {
          "schema_version": 1,
          "attributes": {
            "agent_pool_id": "",
            "allow_destroy_plan": true,
            "auto_apply": false,
            "description": "Cloudflare workspace for managing all DNS",
            "execution_mode": "remote",
            "file_triggers_enabled": true,
            "global_remote_state": false,
            "id": "ws-LAGqtfMsXKhjiomN",
            "name": "cloudflare",
            "operations": true,
            "organization": "rairtech",
            "queue_all_runs": false,
            "remote_state_consumer_ids": [],
            "speculative_enabled": true,
            "ssh_key_id": "",
            "structured_run_output_enabled": true,
            "tag_names": [],
            "terraform_version": "1.1.7",
            "trigger_prefixes": [],
            "vcs_repo": [
              {
                "branch": "dev",
                "identifier": "%7Bf5368d7b-2fae-49fe-bbf0-6e342bd034c9%7D/%7Ba23789fe-787d-42a1-8c68-0098270f2999%7D",
                "ingress_submodules": false,
                "oauth_token_id": "ot-pmtxUjKskMf1r9wQ"
              }
            ],
            "working_directory": "terraform/environments/cloudflare"
          },
          "sensitive_attributes": [],
          "private": "eyJzY2hlbWFfdmVyc2lvbiI6IjEifQ=="
        }
      ]
    },
    {
      "mode": "managed",
      "type": "tfe_workspace",
      "name": "mongo_db_dev",
      "provider": "provider[\"registry.terraform.io/hashicorp/tfe\"]",
      "instances": [
        {
          "schema_version": 1,
          "attributes": {
            "agent_pool_id": "",
            "allow_destroy_plan": true,
            "auto_apply": false,
            "description": "",
            "execution_mode": "remote",
            "file_triggers_enabled": true,
            "global_remote_state": false,
            "id": "ws-PJbFwXvvCopvw7Mf",
            "name": "mongo-db-dev",
            "operations": true,
            "organization": "rairtech",
            "queue_all_runs": false,
            "remote_state_consumer_ids": [],
            "speculative_enabled": true,
            "ssh_key_id": "",
            "structured_run_output_enabled": true,
            "tag_names": [],
            "terraform_version": "1.1.8",
            "trigger_prefixes": [
              "terraform/modules/mongo",
              "terraform/environments/shared/mongo"
            ],
            "vcs_repo": [
              {
                "branch": "dev",
                "identifier": "%7Bf5368d7b-2fae-49fe-bbf0-6e342bd034c9%7D/%7Ba23789fe-787d-42a1-8c68-0098270f2999%7D",
                "ingress_submodules": false,
                "oauth_token_id": "ot-pmtxUjKskMf1r9wQ"
              }
            ],
            "working_directory": "terraform/environments/dev/mongo_db"
          },
          "sensitive_attributes": [],
          "private": "eyJzY2hlbWFfdmVyc2lvbiI6IjEifQ=="
        }
      ]
    },
    {
      "mode": "managed",
      "type": "tfe_workspace",
      "name": "mongo_db_prod",
      "provider": "provider[\"registry.terraform.io/hashicorp/tfe\"]",
      "instances": [
        {
          "schema_version": 1,
          "attributes": {
            "agent_pool_id": "",
            "allow_destroy_plan": true,
            "auto_apply": false,
            "description": "",
            "execution_mode": "remote",
            "file_triggers_enabled": true,
            "global_remote_state": false,
            "id": "ws-7fpm1dhDYtqa5rHq",
            "name": "mongo-db-prod",
            "operations": true,
            "organization": "rairtech",
            "queue_all_runs": false,
            "remote_state_consumer_ids": [],
            "speculative_enabled": true,
            "ssh_key_id": "",
            "structured_run_output_enabled": true,
            "tag_names": [],
            "terraform_version": "1.1.8",
            "trigger_prefixes": [
              "terraform/modules/mongo",
              "terraform/environment/shared/mongo"
            ],
            "vcs_repo": [
              {
                "branch": "dev",
                "identifier": "%7Bf5368d7b-2fae-49fe-bbf0-6e342bd034c9%7D/%7Ba23789fe-787d-42a1-8c68-0098270f2999%7D",
                "ingress_submodules": false,
                "oauth_token_id": "ot-pmtxUjKskMf1r9wQ"
              }
            ],
            "working_directory": "terraform/environments/prod/mongo_db"
          },
          "sensitive_attributes": [],
          "private": "eyJzY2hlbWFfdmVyc2lvbiI6IjEifQ=="
        }
      ]
    },
    {
      "mode": "managed",
      "type": "tfe_workspace",
      "name": "mongo_db_staging",
      "provider": "provider[\"registry.terraform.io/hashicorp/tfe\"]",
      "instances": [
        {
          "schema_version": 1,
          "attributes": {
            "agent_pool_id": "",
            "allow_destroy_plan": true,
            "auto_apply": false,
            "description": "",
            "execution_mode": "remote",
            "file_triggers_enabled": true,
            "global_remote_state": false,
            "id": "ws-FnjQz4WqCJoDgGTf",
            "name": "mongo-db-staging",
            "operations": true,
            "organization": "rairtech",
            "queue_all_runs": false,
            "remote_state_consumer_ids": [],
            "speculative_enabled": true,
            "ssh_key_id": "",
            "structured_run_output_enabled": true,
            "tag_names": [],
            "terraform_version": "1.1.8",
            "trigger_prefixes": [
              "terraform/modules/mongo",
              "terraform/environments/shared/mongo"
            ],
            "vcs_repo": [
              {
                "branch": "dev",
                "identifier": "%7Bf5368d7b-2fae-49fe-bbf0-6e342bd034c9%7D/%7Ba23789fe-787d-42a1-8c68-0098270f2999%7D",
                "ingress_submodules": false,
                "oauth_token_id": "ot-pmtxUjKskMf1r9wQ"
              }
            ],
            "working_directory": "terraform/environments/staging/mongo_db"
          },
          "sensitive_attributes": [],
          "private": "eyJzY2hlbWFfdmVyc2lvbiI6IjEifQ=="
        }
      ]
    },
    {
      "mode": "managed",
      "type": "tfe_workspace",
      "name": "pagerduty",
      "provider": "provider[\"registry.terraform.io/hashicorp/tfe\"]",
      "instances": [
        {
          "schema_version": 1,
          "attributes": {
            "agent_pool_id": "",
            "allow_destroy_plan": true,
            "auto_apply": false,
            "description": "",
            "execution_mode": "remote",
            "file_triggers_enabled": true,
            "global_remote_state": false,
            "id": "ws-KWsmdsE6j7qjFQXb",
            "name": "pagerduty",
            "operations": true,
            "organization": "rairtech",
            "queue_all_runs": false,
            "remote_state_consumer_ids": [],
            "speculative_enabled": true,
            "ssh_key_id": "",
            "structured_run_output_enabled": true,
            "tag_names": [],
            "terraform_version": "1.1.3",
            "trigger_prefixes": [
              "terraform/modules/foundation"
            ],
            "vcs_repo": [
              {
                "branch": "dev",
                "identifier": "%7Bf5368d7b-2fae-49fe-bbf0-6e342bd034c9%7D/%7Ba23789fe-787d-42a1-8c68-0098270f2999%7D",
                "ingress_submodules": false,
                "oauth_token_id": "ot-pmtxUjKskMf1r9wQ"
              }
            ],
            "working_directory": "terraform/environments/pagerduty"
          },
          "sensitive_attributes": [],
          "private": "eyJzY2hlbWFfdmVyc2lvbiI6IjEifQ=="
        }
      ]
    },
    {
      "mode": "managed",
      "type": "tfe_workspace",
      "name": "rair_production",
      "provider": "provider[\"registry.terraform.io/hashicorp/tfe\"]",
      "instances": [
        {
          "schema_version": 1,
          "attributes": {
            "agent_pool_id": "",
            "allow_destroy_plan": true,
            "auto_apply": false,
            "description": "Production Foundation Terraform for GCP Project ID: rair-market-production",
            "execution_mode": "remote",
            "file_triggers_enabled": true,
            "global_remote_state": false,
            "id": "ws-EskESKsjo7ZFabyX",
            "name": "rair-production",
            "operations": true,
            "organization": "rairtech",
            "queue_all_runs": false,
            "remote_state_consumer_ids": [],
            "speculative_enabled": true,
            "ssh_key_id": "",
            "structured_run_output_enabled": true,
            "tag_names": [],
            "terraform_version": "1.1.3",
            "trigger_prefixes": [
              "terraform/modules/foundation"
            ],
            "vcs_repo": [
              {
                "branch": "dev",
                "identifier": "%7Bf5368d7b-2fae-49fe-bbf0-6e342bd034c9%7D/%7Ba23789fe-787d-42a1-8c68-0098270f2999%7D",
                "ingress_submodules": false,
                "oauth_token_id": "ot-pmtxUjKskMf1r9wQ"
              }
            ],
            "working_directory": "terraform/environments/prod/foundation"
          },
          "sensitive_attributes": [],
          "private": "eyJzY2hlbWFfdmVyc2lvbiI6IjEifQ=="
        }
      ]
    },
    {
      "mode": "managed",
      "type": "tfe_workspace",
      "name": "rair_staging",
      "provider": "provider[\"registry.terraform.io/hashicorp/tfe\"]",
      "instances": [
        {
          "schema_version": 1,
          "attributes": {
            "agent_pool_id": "",
            "allow_destroy_plan": true,
            "auto_apply": false,
            "description": "Production Foundation Terraform for GCP Project ID: rair-market-staging\n",
            "execution_mode": "remote",
            "file_triggers_enabled": true,
            "global_remote_state": false,
            "id": "ws-ap2L1djob4NFDxBa",
            "name": "rair-staging",
            "operations": true,
            "organization": "rairtech",
            "queue_all_runs": false,
            "remote_state_consumer_ids": [],
            "speculative_enabled": true,
            "ssh_key_id": "",
            "structured_run_output_enabled": true,
            "tag_names": [],
            "terraform_version": "1.1.3",
            "trigger_prefixes": [
              "terraform/modules/foundation"
            ],
            "vcs_repo": [
              {
                "branch": "dev",
                "identifier": "%7Bf5368d7b-2fae-49fe-bbf0-6e342bd034c9%7D/%7Ba23789fe-787d-42a1-8c68-0098270f2999%7D",
                "ingress_submodules": false,
                "oauth_token_id": "ot-pmtxUjKskMf1r9wQ"
              }
            ],
            "working_directory": "terraform/environments/staging/foundation"
          },
          "sensitive_attributes": [],
          "private": "eyJzY2hlbWFfdmVyc2lvbiI6IjEifQ=="
        }
      ]
    }
  ]
}
