{
  "version": 4,
  "terraform_version": "1.1.7",
  "serial": 7,
  "lineage": "b7310538-5976-ec90-c733-837bee991bfb",
  "outputs": {},
  "resources": [
    {
      "module": "module.kubernetes_infra",
      "mode": "managed",
      "type": "kubernetes_service",
      "name": "rairnode",
      "provider": "provider[\"registry.terraform.io/hashicorp/kubernetes\"]",
      "instances": [
        {
          "schema_version": 1,
          "attributes": {
            "id": "default/rairnode-test",
            "metadata": [
              {
                "annotations": {
                  "cloud.google.com/neg": "{\"ingress\":true}",
                  "kompose.cmd": "kompose convert",
                  "kompose.version": "1.22.0 (955b78124)"
                },
                "generate_name": "",
                "generation": 0,
                "labels": {
                  "io.kompose.service": "rairnode"
                },
                "name": "rairnode-test",
                "namespace": "default",
                "resource_version": "23172195",
                "uid": "f820b8b7-f473-43d5-af7c-700ca0b0e1cc"
              }
            ],
            "spec": [
              {
                "cluster_ip": "10.0.155.241",
                "external_ips": null,
                "external_name": "",
                "external_traffic_policy": "Cluster",
                "health_check_node_port": 0,
                "load_balancer_ip": "",
                "load_balancer_source_ranges": null,
                "port": [
                  {
                    "name": "3000",
                    "node_port": 32660,
                    "port": 3000,
                    "protocol": "TCP",
                    "target_port": "3000"
                  },
                  {
                    "name": "5000",
                    "node_port": 31182,
                    "port": 5000,
                    "protocol": "TCP",
                    "target_port": "5000"
                  }
                ],
                "publish_not_ready_addresses": false,
                "selector": {
                  "io.kompose.service": "rairnode"
                },
                "session_affinity": "None",
                "type": "LoadBalancer"
              }
            ],
            "status": [
              {
                "load_balancer": [
                  {
                    "ingress": [
                      {
                        "hostname": "",
                        "ip": "35.247.120.123"
                      }
                    ]
                  }
                ]
              }
            ],
            "timeouts": null,
            "wait_for_load_balancer": true
          },
          "sensitive_attributes": [],
          "private": "eyJlMmJmYjczMC1lY2FhLTExZTYtOGY4OC0zNDM2M2JjN2M0YzAiOnsiY3JlYXRlIjo2MDAwMDAwMDAwMDB9LCJzY2hlbWFfdmVyc2lvbiI6IjEifQ=="
        }
      ]
    }
  ]
}
