{
  "version": 4,
  "terraform_version": "1.1.5",
  "serial": 101,
  "lineage": "b7310538-5976-ec90-c733-837bee991bfb",
  "outputs": {},
  "resources": [
    {
      "module": "module.kubernetes_infra",
      "mode": "data",
      "type": "google_compute_address",
      "name": "jenkins_internal_load_balancer",
      "provider": "provider[\"registry.terraform.io/hashicorp/google\"]",
      "instances": [
        {
          "schema_version": 0,
          "attributes": {
            "address": "10.0.64.32",
            "id": "projects/rair-market-dev/regions/us-west1/addresses/jenkins-internal-load-balancer",
            "name": "jenkins-internal-load-balancer",
            "project": "rair-market-dev",
            "region": "us-west1",
            "self_link": "https://www.googleapis.com/compute/v1/projects/rair-market-dev/regions/us-west1/addresses/jenkins-internal-load-balancer",
            "status": "IN_USE"
          },
          "sensitive_attributes": []
        }
      ]
    },
    {
      "module": "module.kubernetes_infra",
      "mode": "managed",
      "type": "kubernetes_service",
      "name": "jenkins_service",
      "provider": "provider[\"registry.terraform.io/hashicorp/kubernetes\"]",
      "instances": [
        {
          "schema_version": 1,
          "attributes": {
            "id": "default/jenkins-primary",
            "metadata": [
              {
                "annotations": {
                  "networking.gke.io/load-balancer-type": "Internal"
                },
                "generate_name": "",
                "generation": 0,
                "labels": {
                  "managedby": "terraform",
                  "service": "jenkins-primary"
                },
                "name": "jenkins-primary",
                "namespace": "default",
                "resource_version": "30466729",
                "uid": "8193d273-239f-424d-8d24-2d4c569cfdd6"
              }
            ],
            "spec": [
              {
                "cluster_ip": "10.0.149.239",
                "external_ips": [],
                "external_name": "",
                "external_traffic_policy": "Cluster",
                "health_check_node_port": 0,
                "load_balancer_ip": "10.0.64.32",
                "load_balancer_source_ranges": [],
                "port": [
                  {
                    "name": "http",
                    "node_port": 32405,
                    "port": 80,
                    "protocol": "TCP",
                    "target_port": "8080"
                  }
                ],
                "publish_not_ready_addresses": false,
                "selector": {
                  "app": "jenkins-primary"
                },
                "session_affinity": "None",
                "type": "LoadBalancer"
              }
            ],
            "status": [
              {
                "load_balancer": [
                  {
                    "ingress": [
                      {
                        "hostname": "",
                        "ip": "10.0.64.32"
                      }
                    ]
                  }
                ]
              }
            ],
            "timeouts": null,
            "wait_for_load_balancer": true
          },
          "sensitive_attributes": [],
          "private": "eyJlMmJmYjczMC1lY2FhLTExZTYtOGY4OC0zNDM2M2JjN2M0YzAiOnsiY3JlYXRlIjo2MDAwMDAwMDAwMDB9LCJzY2hlbWFfdmVyc2lvbiI6IjEifQ==",
          "dependencies": [
            "module.kubernetes_infra.data.google_compute_address.jenkins_internal_load_balancer"
          ]
        }
      ]
    },
    {
      "module": "module.kubernetes_infra",
      "mode": "managed",
      "type": "kubernetes_service",
      "name": "rairnode",
      "provider": "provider[\"registry.terraform.io/hashicorp/kubernetes\"]",
      "instances": [
        {
          "schema_version": 1,
          "attributes": {
            "id": "default/rairnode-test",
            "metadata": [
              {
                "annotations": {
                  "kompose.cmd": "kompose convert",
                  "kompose.version": "1.22.0 (955b78124)"
                },
                "generate_name": "",
                "generation": 0,
                "labels": {
                  "io.kompose.service": "rairnode"
                },
                "name": "rairnode-test",
                "namespace": "default",
                "resource_version": "30463343",
                "uid": "ec6b3f18-1aae-490c-a723-47b6f1d2f1d6"
              }
            ],
            "spec": [
              {
                "cluster_ip": "10.0.151.9",
                "external_ips": [],
                "external_name": "",
                "external_traffic_policy": "Cluster",
                "health_check_node_port": 0,
                "load_balancer_ip": "",
                "load_balancer_source_ranges": [],
                "port": [
                  {
                    "name": "3000",
                    "node_port": 31843,
                    "port": 3000,
                    "protocol": "TCP",
                    "target_port": "3000"
                  },
                  {
                    "name": "5000",
                    "node_port": 31479,
                    "port": 5000,
                    "protocol": "TCP",
                    "target_port": "5000"
                  }
                ],
                "publish_not_ready_addresses": false,
                "selector": {
                  "io.kompose.service": "rairnode"
                },
                "session_affinity": "None",
                "type": "LoadBalancer"
              }
            ],
            "status": [
              {
                "load_balancer": [
                  {
                    "ingress": [
                      {
                        "hostname": "",
                        "ip": "35.233.151.17"
                      }
                    ]
                  }
                ]
              }
            ],
            "timeouts": null,
            "wait_for_load_balancer": true
          },
          "sensitive_attributes": [],
          "private": "eyJlMmJmYjczMC1lY2FhLTExZTYtOGY4OC0zNDM2M2JjN2M0YzAiOnsiY3JlYXRlIjo2MDAwMDAwMDAwMDB9LCJzY2hlbWFfdmVyc2lvbiI6IjEifQ=="
        }
      ]
    }
  ]
}
