{
  "version": 4,
  "terraform_version": "1.1.5",
  "serial": 30,
  "lineage": "13d35d38-a627-34d2-5dca-899fb6da39a8",
  "outputs": {},
  "resources": [
    {
      "module": "module.kubernetes_infra",
      "mode": "data",
      "type": "google_compute_address",
      "name": "jenkins_internal_load_balancer",
      "provider": "provider[\"registry.terraform.io/hashicorp/google\"]",
      "instances": [
        {
          "schema_version": 0,
          "attributes": {
            "address": "10.0.64.35",
            "id": "projects/rair-market-dev/regions/us-west1/addresses/jenkins-internal-load-balancer",
            "name": "jenkins-internal-load-balancer",
            "project": "rair-market-dev",
            "region": "us-west1",
            "self_link": "https://www.googleapis.com/compute/v1/projects/rair-market-dev/regions/us-west1/addresses/jenkins-internal-load-balancer",
            "status": "IN_USE"
          },
          "sensitive_attributes": []
        }
      ]
    },
    {
      "module": "module.kubernetes_infra",
      "mode": "managed",
      "type": "kubernetes_config_map",
      "name": "rairnode_configmap",
      "provider": "provider[\"registry.terraform.io/hashicorp/kubernetes\"]",
      "instances": [
        {
          "schema_version": 0,
          "attributes": {
            "binary_data": null,
            "data": {
              "ADMIN_CONTRACT": "0xe5a9efb29b82517166fcef23722452543b5f380f",
              "ADMIN_NETWORK": "matic",
              "BINANCE_FACTORY_ADDRESS": "0xb173E2F7eD8Bb697e70b02Ed38faaa2319dB3C23",
              "BINANCE_MAINNET_RPC": "https://bsc-dataseed.binance.org/",
              "BINANCE_MINTER_ADDRESS": "0xcBA6014452e82eBF98fA2748BBD46f1733a13AdD",
              "BINANCE_TESTNET_RPC": "https://data-seed-prebsc-1-s1.binance.org:8545/",
              "DEFAULT_PRODUCT_COVER": "https://rair.mypinata.cloud/ipfs/QmNtfjBAPYEFxXiHmY5kcPh9huzkwquHBcn9ZJHGe7hfaW",
              "ETHEREUM_MAINNET_FACTORY_ADDRESS": "0xC9eF9902fa24923A17326aDdb7da0E67fF46692a",
              "ETHEREUM_MAINNET_MINTER_ADDRESS": "0x0Ce668D271b8016a785Bf146e58739F432300B12",
              "ETHEREUM_MAINNET_RPC": "https://mainnet.infura.io/v3/92a88973a28d41318792f77451db4c5b",
              "ETHEREUM_TESTNET_GOERLI_RPC": "https://goerli.infura.io/v3/92a88973a28d41318792f77451db4c5b",
              "GCP_GATEWAY": "https://storage.googleapis.com",
              "GCP_IMAGE_BUCKET_NAME": "rair_images",
              "GCP_PROJECT_ID": "rair-market",
              "GCP_VIDEO_BUCKET_NAME": "rair-videos",
              "GOERLI_FACTORY_ADDRESS": "0xF9DC1787179c1404910adE194A5087cEbD5c4717",
              "GOERLI_MINTER_ADDRESS": "0x14ef15A945b6Cae28f4FA3862E41d74E484Cd3B5",
              "INFURA_PROJECT_ID": "92a88973a28d41318792f77451db4c5b",
              "IPFS_GATEWAY": "http://rairipfs:8080/ipfs",
              "IPFS_SERVICE": "pinata",
              "LOG_LEVEL": "debug",
              "MATIC_MAINNET_FACTORY_ADDRESS": "0x9bB24e68d952Ab872b0421297E0cda8D89B2390B",
              "MATIC_MAINNET_MINTER_ADDRESS": "0x781F15a23506CF28539EA057e3f33008E6339E49",
              "MATIC_MAINNET_RPC": "https://polygon-mainnet.infura.io/v3/92a88973a28d41318792f77451db4c5b",
              "MATIC_MUMBAI_FACTORY_ADDRESS": "0xB8083810Fa33e7Ebd777c8cd6eBB453948aFd354",
              "MATIC_MUMBAI_MINTER_ADDRESS": "0x4594D508cDa05D016571082d467889f4629e1f56",
              "MATIC_TESTNET_RPC": "https://polygon-mumbai.infura.io/v3/92a88973a28d41318792f77451db4c5b",
              "MONGO_LOG_COLLECTION": "Log",
              "PINATA_GATEWAY": "https://rair.mypinata.cloud/ipfs",
              "PINATA_KEY": "aaa581a498f99ed85279",
              "PRODUCTION": "true",
              "SERVICE_HOST": "dev.rair.tech"
            },
            "id": "default/rairnode-configmap",
            "metadata": [
              {
                "annotations": null,
                "generate_name": "",
                "generation": 0,
                "labels": null,
                "name": "rairnode-configmap",
                "namespace": "default",
                "resource_version": "679241",
                "uid": "7fd6eb64-e18f-4330-b57f-810410d48cf3"
              }
            ]
          },
          "sensitive_attributes": [],
          "private": "bnVsbA=="
        }
      ]
    },
    {
      "module": "module.kubernetes_infra",
      "mode": "managed",
      "type": "kubernetes_deployment",
      "name": "jenkins",
      "provider": "provider[\"registry.terraform.io/hashicorp/kubernetes\"]",
      "instances": [
        {
          "schema_version": 1,
          "attributes": {
            "id": "default/jenkins-primary-deployment",
            "metadata": [
              {
                "annotations": {},
                "generate_name": "",
                "generation": 1,
                "labels": {
                  "managedby": "terraform"
                },
                "name": "jenkins-primary-deployment",
                "namespace": "default",
                "resource_version": "6380",
                "uid": "13e67721-5d0f-48e9-8862-13af1cb4555b"
              }
            ],
            "spec": [
              {
                "min_ready_seconds": 0,
                "paused": false,
                "progress_deadline_seconds": 600,
                "replicas": "1",
                "revision_history_limit": 10,
                "selector": [
                  {
                    "match_expressions": [],
                    "match_labels": {
                      "app": "jenkins-primary"
                    }
                  }
                ],
                "strategy": [
                  {
                    "rolling_update": [
                      {
                        "max_surge": "25%",
                        "max_unavailable": "25%"
                      }
                    ],
                    "type": "RollingUpdate"
                  }
                ],
                "template": [
                  {
                    "metadata": [
                      {
                        "annotations": {},
                        "generate_name": "",
                        "generation": 0,
                        "labels": {
                          "app": "jenkins-primary"
                        },
                        "name": "",
                        "namespace": "",
                        "resource_version": "",
                        "uid": ""
                      }
                    ],
                    "spec": [
                      {
                        "active_deadline_seconds": 0,
                        "affinity": [],
                        "automount_service_account_token": true,
                        "container": [
                          {
                            "args": [],
                            "command": [],
                            "env": [],
                            "env_from": [],
                            "image": "jenkins/jenkins:latest",
                            "image_pull_policy": "Always",
                            "lifecycle": [],
                            "liveness_probe": [],
                            "name": "jenkins-primary",
                            "port": [
                              {
                                "container_port": 8080,
                                "host_ip": "",
                                "host_port": 0,
                                "name": "",
                                "protocol": "TCP"
                              }
                            ],
                            "readiness_probe": [],
                            "resources": [
                              {
                                "limits": null,
                                "requests": null
                              }
                            ],
                            "security_context": [],
                            "startup_probe": [],
                            "stdin": false,
                            "stdin_once": false,
                            "termination_message_path": "/dev/termination-log",
                            "termination_message_policy": "File",
                            "tty": false,
                            "volume_mount": [
                              {
                                "mount_path": "/var/jenkins_home",
                                "mount_propagation": "None",
                                "name": "jenkins-primary-persistent-storage",
                                "read_only": false,
                                "sub_path": ""
                              }
                            ],
                            "working_dir": ""
                          }
                        ],
                        "dns_config": [],
                        "dns_policy": "ClusterFirst",
                        "enable_service_links": true,
                        "host_aliases": [],
                        "host_ipc": false,
                        "host_network": false,
                        "host_pid": false,
                        "hostname": "",
                        "image_pull_secrets": [],
                        "init_container": [],
                        "node_name": "",
                        "node_selector": {},
                        "priority_class_name": "",
                        "readiness_gate": [],
                        "restart_policy": "Always",
                        "security_context": [
                          {
                            "fs_group": "1000",
                            "run_as_group": "",
                            "run_as_non_root": false,
                            "run_as_user": "0",
                            "se_linux_options": [],
                            "seccomp_profile": [],
                            "supplemental_groups": [],
                            "sysctl": []
                          }
                        ],
                        "service_account_name": "",
                        "share_process_namespace": false,
                        "subdomain": "",
                        "termination_grace_period_seconds": 30,
                        "toleration": [],
                        "topology_spread_constraint": [],
                        "volume": [
                          {
                            "aws_elastic_block_store": [],
                            "azure_disk": [],
                            "azure_file": [],
                            "ceph_fs": [],
                            "cinder": [],
                            "config_map": [],
                            "csi": [],
                            "downward_api": [],
                            "empty_dir": [],
                            "fc": [],
                            "flex_volume": [],
                            "flocker": [],
                            "gce_persistent_disk": [],
                            "git_repo": [],
                            "glusterfs": [],
                            "host_path": [],
                            "iscsi": [],
                            "local": [],
                            "name": "jenkins-primary-persistent-storage",
                            "nfs": [],
                            "persistent_volume_claim": [
                              {
                                "claim_name": "jenkins-primary-claim",
                                "read_only": false
                              }
                            ],
                            "photon_persistent_disk": [],
                            "projected": [],
                            "quobyte": [],
                            "rbd": [],
                            "secret": [],
                            "vsphere_volume": []
                          }
                        ]
                      }
                    ]
                  }
                ]
              }
            ],
            "timeouts": null,
            "wait_for_rollout": true
          },
          "sensitive_attributes": [],
          "private": "eyJlMmJmYjczMC1lY2FhLTExZTYtOGY4OC0zNDM2M2JjN2M0YzAiOnsiY3JlYXRlIjo2MDAwMDAwMDAwMDAsImRlbGV0ZSI6NjAwMDAwMDAwMDAwLCJ1cGRhdGUiOjYwMDAwMDAwMDAwMH0sInNjaGVtYV92ZXJzaW9uIjoiMSJ9"
        }
      ]
    },
    {
      "module": "module.kubernetes_infra",
      "mode": "managed",
      "type": "kubernetes_persistent_volume_claim",
      "name": "claim",
      "provider": "provider[\"registry.terraform.io/hashicorp/kubernetes\"]",
      "instances": [
        {
          "schema_version": 0,
          "attributes": {
            "id": "default/jenkins-primary-claim",
            "metadata": [
              {
                "annotations": {},
                "generate_name": "",
                "generation": 0,
                "labels": {
                  "managedby": "terraform"
                },
                "name": "jenkins-primary-claim",
                "namespace": "default",
                "resource_version": "6251",
                "uid": "f7d41e66-47ed-4250-9cc1-109828c943c6"
              }
            ],
            "spec": [
              {
                "access_modes": [
                  "ReadWriteOnce"
                ],
                "resources": [
                  {
                    "limits": {},
                    "requests": {
                      "storage": "20Gi"
                    }
                  }
                ],
                "selector": [],
                "storage_class_name": "standard",
                "volume_name": "pvc-f7d41e66-47ed-4250-9cc1-109828c943c6"
              }
            ],
            "timeouts": null,
            "wait_until_bound": true
          },
          "sensitive_attributes": [],
          "private": "eyJlMmJmYjczMC1lY2FhLTExZTYtOGY4OC0zNDM2M2JjN2M0YzAiOnsiY3JlYXRlIjozMDAwMDAwMDAwMDB9fQ=="
        }
      ]
    },
    {
      "module": "module.kubernetes_infra",
      "mode": "managed",
      "type": "kubernetes_service",
      "name": "jenkins_service",
      "provider": "provider[\"registry.terraform.io/hashicorp/kubernetes\"]",
      "instances": [
        {
          "schema_version": 1,
          "attributes": {
            "id": "default/jenkins-primary",
            "metadata": [
              {
                "annotations": {
                  "networking.gke.io/load-balancer-type": "Internal"
                },
                "generate_name": "",
                "generation": 0,
                "labels": {
                  "managedby": "terraform",
                  "service": "jenkins-primary"
                },
                "name": "jenkins-primary",
                "namespace": "default",
                "resource_version": "679666",
                "uid": "17eccb65-7d7d-4e7d-81e5-b5c41bb8418a"
              }
            ],
            "spec": [
              {
                "cluster_ip": "10.0.157.247",
                "external_ips": null,
                "external_name": "",
                "external_traffic_policy": "Cluster",
                "health_check_node_port": 0,
                "load_balancer_ip": "10.0.64.35",
                "load_balancer_source_ranges": null,
                "port": [
                  {
                    "name": "http",
                    "node_port": 30815,
                    "port": 80,
                    "protocol": "TCP",
                    "target_port": "8080"
                  }
                ],
                "publish_not_ready_addresses": false,
                "selector": {
                  "app": "jenkins-primary"
                },
                "session_affinity": "None",
                "type": "LoadBalancer"
              }
            ],
            "status": [
              {
                "load_balancer": [
                  {
                    "ingress": [
                      {
                        "hostname": "",
                        "ip": "10.0.64.35"
                      }
                    ]
                  }
                ]
              }
            ],
            "timeouts": null,
            "wait_for_load_balancer": true
          },
          "sensitive_attributes": [],
          "private": "eyJlMmJmYjczMC1lY2FhLTExZTYtOGY4OC0zNDM2M2JjN2M0YzAiOnsiY3JlYXRlIjo2MDAwMDAwMDAwMDB9LCJzY2hlbWFfdmVyc2lvbiI6IjEifQ==",
          "dependencies": [
            "module.kubernetes_infra.data.google_compute_address.jenkins_internal_load_balancer"
          ]
        }
      ]
    },
    {
      "module": "module.kubernetes_infra",
      "mode": "managed",
      "type": "kubernetes_service",
      "name": "rairnode",
      "provider": "provider[\"registry.terraform.io/hashicorp/kubernetes\"]",
      "instances": [
        {
          "schema_version": 1,
          "attributes": {
            "id": "default/rairnode-test",
            "metadata": [
              {
                "annotations": {
                  "kompose.cmd": "kompose convert",
                  "kompose.version": "1.22.0 (955b78124)"
                },
                "generate_name": "",
                "generation": 0,
                "labels": {
                  "io.kompose.service": "rairnode"
                },
                "name": "rairnode-test",
                "namespace": "default",
                "resource_version": "6645",
                "uid": "b0207a22-5bad-4f9b-9d42-92b21a618ef0"
              }
            ],
            "spec": [
              {
                "cluster_ip": "10.0.157.25",
                "external_ips": [],
                "external_name": "",
                "external_traffic_policy": "Cluster",
                "health_check_node_port": 0,
                "load_balancer_ip": "",
                "load_balancer_source_ranges": [],
                "port": [
                  {
                    "name": "3000",
                    "node_port": 31347,
                    "port": 3000,
                    "protocol": "TCP",
                    "target_port": "3000"
                  },
                  {
                    "name": "5000",
                    "node_port": 31753,
                    "port": 5000,
                    "protocol": "TCP",
                    "target_port": "5000"
                  }
                ],
                "publish_not_ready_addresses": false,
                "selector": {
                  "io.kompose.service": "rairnode"
                },
                "session_affinity": "None",
                "type": "LoadBalancer"
              }
            ],
            "status": [
              {
                "load_balancer": [
                  {
                    "ingress": [
                      {
                        "hostname": "",
                        "ip": "34.83.235.8"
                      }
                    ]
                  }
                ]
              }
            ],
            "timeouts": null,
            "wait_for_load_balancer": true
          },
          "sensitive_attributes": [],
          "private": "eyJlMmJmYjczMC1lY2FhLTExZTYtOGY4OC0zNDM2M2JjN2M0YzAiOnsiY3JlYXRlIjo2MDAwMDAwMDAwMDB9LCJzY2hlbWFfdmVyc2lvbiI6IjEifQ=="
        }
      ]
    }
  ]
}
