{
  "name": "smart_contracts",
  "version": "1.0.0",
  "lockfileVersion": 2,
  "requires": true,
  "packages": {
    "": {
      "version": "1.0.0",
      "license": "MIT",
      "dependencies": {
        "openzeppelin-solidity": "^1.9.0"
      }
    },
    "node_modules/openzeppelin-solidity": {
      "version": "1.9.0",
      "resolved": "https://registry.npmjs.org/openzeppelin-solidity/-/openzeppelin-solidity-1.9.0.tgz",
      "integrity": "sha512-WlorzMXIIurugiSdw121RVD5qA3EfSI7GybTn+/Du0mPNgairjt29NpVTAaH8eLjAeAwlw46y7uQKy0NYem/gA=="
    }
  },
  "dependencies": {
    "openzeppelin-solidity": {
      "version": "1.9.0",
      "resolved": "https://registry.npmjs.org/openzeppelin-solidity/-/openzeppelin-solidity-1.9.0.tgz",
      "integrity": "sha512-WlorzMXIIurugiSdw121RVD5qA3EfSI7GybTn+/Du0mPNgairjt29NpVTAaH8eLjAeAwlw46y7uQKy0NYem/gA=="
    }
  }
}
